// !$*UTF8*$!
{
	archiveVersion = 1;
	classes = {
	};
	objectVersion = 50;
	objects = {

/* Begin PBXBuildFile section */
		43648C362BF1A990C6C48DBF /* Pods_OneSignalNotificationServiceExtension.framework in Frameworks */ = {isa = PBXBuildFile; fileRef = 962941D4A3878BA300B447EE /* Pods_OneSignalNotificationServiceExtension.framework */; };
		D48371D9211A93060037FFD1 /* AppDelegate.swift in Sources */ = {isa = PBXBuildFile; fileRef = D48371D8211A93060037FFD1 /* AppDelegate.swift */; };
		D48371DB211A93070037FFD1 /* ViewController.swift in Sources */ = {isa = PBXBuildFile; fileRef = D48371DA211A93070037FFD1 /* ViewController.swift */; };
		D48371DE211A93070037FFD1 /* Main.storyboard in Resources */ = {isa = PBXBuildFile; fileRef = D48371DC211A93070037FFD1 /* Main.storyboard */; };
		D48371E0211A93080037FFD1 /* Assets.xcassets in Resources */ = {isa = PBXBuildFile; fileRef = D48371DF211A93080037FFD1 /* Assets.xcassets */; };
		D48371E3211A93080037FFD1 /* LaunchScreen.storyboard in Resources */ = {isa = PBXBuildFile; fileRef = D48371E1211A93080037FFD1 /* LaunchScreen.storyboard */; };
		D48371F2211A933D0037FFD1 /* NotificationService.swift in Sources */ = {isa = PBXBuildFile; fileRef = D48371F1211A933D0037FFD1 /* NotificationService.swift */; };
		D48371F6211A933D0037FFD1 /* OneSignalNotificationServiceExtension.appex in Embed App Extensions */ = {isa = PBXBuildFile; fileRef = D48371EF211A933D0037FFD1 /* OneSignalNotificationServiceExtension.appex */; settings = {ATTRIBUTES = (RemoveHeadersOnCopy, ); }; };
		F12C73A2DB8E3D545D86693C /* Pods_HooliganBrand.framework in Frameworks */ = {isa = PBXBuildFile; fileRef = 30D56DBA4F445E3DDABC27E1 /* Pods_HooliganBrand.framework */; };
/* End PBXBuildFile section */

/* Begin PBXContainerItemProxy section */
		D48371F4211A933D0037FFD1 /* PBXContainerItemProxy */ = {
			isa = PBXContainerItemProxy;
			containerPortal = D48371CD211A93060037FFD1 /* Project object */;
			proxyType = 1;
			remoteGlobalIDString = D48371EE211A933D0037FFD1;
			remoteInfo = OneSignalNotificationServiceExtension;
		};
/* End PBXContainerItemProxy section */

/* Begin PBXCopyFilesBuildPhase section */
		D48371FA211A933D0037FFD1 /* Embed App Extensions */ = {
			isa = PBXCopyFilesBuildPhase;
			buildActionMask = 2147483647;
			dstPath = "";
			dstSubfolderSpec = 13;
			files = (
				D48371F6211A933D0037FFD1 /* OneSignalNotificationServiceExtension.appex in Embed App Extensions */,
			);
			name = "Embed App Extensions";
			runOnlyForDeploymentPostprocessing = 0;
		};
/* End PBXCopyFilesBuildPhase section */

/* Begin PBXFileReference section */
		30D56DBA4F445E3DDABC27E1 /* Pods_HooliganBrand.framework */ = {isa = PBXFileReference; explicitFileType = wrapper.framework; includeInIndex = 0; path = Pods_HooliganBrand.framework; sourceTree = BUILT_PRODUCTS_DIR; };
		44C306FA98472BF32349FECD /* Pods-OneSignalNotificationServiceExtension.release.xcconfig */ = {isa = PBXFileReference; includeInIndex = 1; lastKnownFileType = text.xcconfig; name = "Pods-OneSignalNotificationServiceExtension.release.xcconfig"; path = "Pods/Target Support Files/Pods-OneSignalNotificationServiceExtension/Pods-OneSignalNotificationServiceExtension.release.xcconfig"; sourceTree = "<group>"; };
		4B67699992C423025F01B78A /* Pods-OneSignalNotificationServiceExtension.debug.xcconfig */ = {isa = PBXFileReference; includeInIndex = 1; lastKnownFileType = text.xcconfig; name = "Pods-OneSignalNotificationServiceExtension.debug.xcconfig"; path = "Pods/Target Support Files/Pods-OneSignalNotificationServiceExtension/Pods-OneSignalNotificationServiceExtension.debug.xcconfig"; sourceTree = "<group>"; };
		763585F619C90B9D7CB268B3 /* Pods-HooliganBrand.debug.xcconfig */ = {isa = PBXFileReference; includeInIndex = 1; lastKnownFileType = text.xcconfig; name = "Pods-HooliganBrand.debug.xcconfig"; path = "Pods/Target Support Files/Pods-HooliganBrand/Pods-HooliganBrand.debug.xcconfig"; sourceTree = "<group>"; };
		962941D4A3878BA300B447EE /* Pods_OneSignalNotificationServiceExtension.framework */ = {isa = PBXFileReference; explicitFileType = wrapper.framework; includeInIndex = 0; path = Pods_OneSignalNotificationServiceExtension.framework; sourceTree = BUILT_PRODUCTS_DIR; };
		9E54EEB9999D62AD0263F60D /* Pods-HooliganBrand.release.xcconfig */ = {isa = PBXFileReference; includeInIndex = 1; lastKnownFileType = text.xcconfig; name = "Pods-HooliganBrand.release.xcconfig"; path = "Pods/Target Support Files/Pods-HooliganBrand/Pods-HooliganBrand.release.xcconfig"; sourceTree = "<group>"; };
		D48371D5211A93060037FFD1 /* HooliganBrand.app */ = {isa = PBXFileReference; explicitFileType = wrapper.application; includeInIndex = 0; path = HooliganBrand.app; sourceTree = BUILT_PRODUCTS_DIR; };
		D48371D8211A93060037FFD1 /* AppDelegate.swift */ = {isa = PBXFileReference; lastKnownFileType = sourcecode.swift; path = AppDelegate.swift; sourceTree = "<group>"; };
		D48371DA211A93070037FFD1 /* ViewController.swift */ = {isa = PBXFileReference; lastKnownFileType = sourcecode.swift; path = ViewController.swift; sourceTree = "<group>"; };
		D48371DD211A93070037FFD1 /* Base */ = {isa = PBXFileReference; lastKnownFileType = file.storyboard; name = Base; path = Base.lproj/Main.storyboard; sourceTree = "<group>"; };
		D48371DF211A93080037FFD1 /* Assets.xcassets */ = {isa = PBXFileReference; lastKnownFileType = folder.assetcatalog; path = Assets.xcassets; sourceTree = "<group>"; };
		D48371E2211A93080037FFD1 /* Base */ = {isa = PBXFileReference; lastKnownFileType = file.storyboard; name = Base; path = Base.lproj/LaunchScreen.storyboard; sourceTree = "<group>"; };
		D48371E4211A93080037FFD1 /* Info.plist */ = {isa = PBXFileReference; lastKnownFileType = text.plist.xml; path = Info.plist; sourceTree = "<group>"; };
		D48371EA211A93250037FFD1 /* HooliganBrand.entitlements */ = {isa = PBXFileReference; lastKnownFileType = text.plist.entitlements; path = HooliganBrand.entitlements; sourceTree = "<group>"; };
		D48371EF211A933D0037FFD1 /* OneSignalNotificationServiceExtension.appex */ = {isa = PBXFileReference; explicitFileType = "wrapper.app-extension"; includeInIndex = 0; path = OneSignalNotificationServiceExtension.appex; sourceTree = BUILT_PRODUCTS_DIR; };
		D48371F1211A933D0037FFD1 /* NotificationService.swift */ = {isa = PBXFileReference; lastKnownFileType = sourcecode.swift; path = NotificationService.swift; sourceTree = "<group>"; };
		D48371F3211A933D0037FFD1 /* Info.plist */ = {isa = PBXFileReference; lastKnownFileType = text.plist.xml; path = Info.plist; sourceTree = "<group>"; };
/* End PBXFileReference section */

/* Begin PBXFrameworksBuildPhase section */
		D48371D2211A93060037FFD1 /* Frameworks */ = {
			isa = PBXFrameworksBuildPhase;
			buildActionMask = 2147483647;
			files = (
				F12C73A2DB8E3D545D86693C /* Pods_HooliganBrand.framework in Frameworks */,
			);
			runOnlyForDeploymentPostprocessing = 0;
		};
		D48371EC211A933D0037FFD1 /* Frameworks */ = {
			isa = PBXFrameworksBuildPhase;
			buildActionMask = 2147483647;
			files = (
				43648C362BF1A990C6C48DBF /* Pods_OneSignalNotificationServiceExtension.framework in Frameworks */,
			);
			runOnlyForDeploymentPostprocessing = 0;
		};
/* End PBXFrameworksBuildPhase section */

/* Begin PBXGroup section */
		63C8D96852525303D6E6F716 /* Frameworks */ = {
			isa = PBXGroup;
			children = (
				30D56DBA4F445E3DDABC27E1 /* Pods_HooliganBrand.framework */,
				962941D4A3878BA300B447EE /* Pods_OneSignalNotificationServiceExtension.framework */,
			);
			name = Frameworks;
			sourceTree = "<group>";
		};
		A06E14F81B9FC4F2D0AD7584 /* Pods */ = {
			isa = PBXGroup;
			children = (
				763585F619C90B9D7CB268B3 /* Pods-HooliganBrand.debug.xcconfig */,
				9E54EEB9999D62AD0263F60D /* Pods-HooliganBrand.release.xcconfig */,
				4B67699992C423025F01B78A /* Pods-OneSignalNotificationServiceExtension.debug.xcconfig */,
				44C306FA98472BF32349FECD /* Pods-OneSignalNotificationServiceExtension.release.xcconfig */,
			);
			name = Pods;
			sourceTree = "<group>";
		};
		D48371CC211A93060037FFD1 = {
			isa = PBXGroup;
			children = (
				D48371D7211A93060037FFD1 /* HooliganBrand */,
				D48371F0211A933D0037FFD1 /* OneSignalNotificationServiceExtension */,
				D48371D6211A93060037FFD1 /* Products */,
				A06E14F81B9FC4F2D0AD7584 /* Pods */,
				63C8D96852525303D6E6F716 /* Frameworks */,
			);
			sourceTree = "<group>";
		};
		D48371D6211A93060037FFD1 /* Products */ = {
			isa = PBXGroup;
			children = (
				D48371D5211A93060037FFD1 /* HooliganBrand.app */,
				D48371EF211A933D0037FFD1 /* OneSignalNotificationServiceExtension.appex */,
			);
			name = Products;
			sourceTree = "<group>";
		};
		D48371D7211A93060037FFD1 /* HooliganBrand */ = {
			isa = PBXGroup;
			children = (
				D48371EA211A93250037FFD1 /* HooliganBrand.entitlements */,
				D48371D8211A93060037FFD1 /* AppDelegate.swift */,
				D48371DA211A93070037FFD1 /* ViewController.swift */,
				D48371DC211A93070037FFD1 /* Main.storyboard */,
				D48371DF211A93080037FFD1 /* Assets.xcassets */,
				D48371E1211A93080037FFD1 /* LaunchScreen.storyboard */,
				D48371E4211A93080037FFD1 /* Info.plist */,
			);
			path = HooliganBrand;
			sourceTree = "<group>";
		};
		D48371F0211A933D0037FFD1 /* OneSignalNotificationServiceExtension */ = {
			isa = PBXGroup;
			children = (
				D48371F1211A933D0037FFD1 /* NotificationService.swift */,
				D48371F3211A933D0037FFD1 /* Info.plist */,
			);
			path = OneSignalNotificationServiceExtension;
			sourceTree = "<group>";
		};
/* End PBXGroup section */

/* Begin PBXNativeTarget section */
		D48371D4211A93060037FFD1 /* HooliganBrand */ = {
			isa = PBXNativeTarget;
			buildConfigurationList = D48371E7211A93080037FFD1 /* Build configuration list for PBXNativeTarget "HooliganBrand" */;
			buildPhases = (
				D281362AE20A0F7B1C2C0C1D /* [CP] Check Pods Manifest.lock */,
				D48371D1211A93060037FFD1 /* Sources */,
				D48371D2211A93060037FFD1 /* Frameworks */,
				D48371D3211A93060037FFD1 /* Resources */,
				D48371FA211A933D0037FFD1 /* Embed App Extensions */,
			);
			buildRules = (
			);
			dependencies = (
				D48371F5211A933D0037FFD1 /* PBXTargetDependency */,
			);
			name = HooliganBrand;
			productName = HooliganBrand;
			productReference = D48371D5211A93060037FFD1 /* HooliganBrand.app */;
			productType = "com.apple.product-type.application";
		};
		D48371EE211A933D0037FFD1 /* OneSignalNotificationServiceExtension */ = {
			isa = PBXNativeTarget;
			buildConfigurationList = D48371F7211A933D0037FFD1 /* Build configuration list for PBXNativeTarget "OneSignalNotificationServiceExtension" */;
			buildPhases = (
				33F81C2A96B10412003E9A63 /* [CP] Check Pods Manifest.lock */,
				D48371EB211A933D0037FFD1 /* Sources */,
				D48371EC211A933D0037FFD1 /* Frameworks */,
				D48371ED211A933D0037FFD1 /* Resources */,
			);
			buildRules = (
			);
			dependencies = (
			);
			name = OneSignalNotificationServiceExtension;
			productName = OneSignalNotificationServiceExtension;
			productReference = D48371EF211A933D0037FFD1 /* OneSignalNotificationServiceExtension.appex */;
			productType = "com.apple.product-type.app-extension";
		};
/* End PBXNativeTarget section */

/* Begin PBXProject section */
		D48371CD211A93060037FFD1 /* Project object */ = {
			isa = PBXProject;
			attributes = {
				LastSwiftUpdateCheck = 0940;
				LastUpgradeCheck = 0940;
				ORGANIZATIONNAME = "Taylor'd Apps";
				TargetAttributes = {
					D48371D4211A93060037FFD1 = {
						CreatedOnToolsVersion = 9.4.1;
						SystemCapabilities = {
							com.apple.BackgroundModes = {
								enabled = 1;
							};
							com.apple.Push = {
								enabled = 1;
							};
						};
					};
					D48371EE211A933D0037FFD1 = {
						CreatedOnToolsVersion = 9.4.1;
					};
				};
			};
			buildConfigurationList = D48371D0211A93060037FFD1 /* Build configuration list for PBXProject "HooliganBrand" */;
			compatibilityVersion = "Xcode 9.3";
			developmentRegion = en;
			hasScannedForEncodings = 0;
			knownRegions = (
				en,
				Base,
			);
			mainGroup = D48371CC211A93060037FFD1;
			productRefGroup = D48371D6211A93060037FFD1 /* Products */;
			projectDirPath = "";
			projectRoot = "";
			targets = (
				D48371D4211A93060037FFD1 /* HooliganBrand */,
				D48371EE211A933D0037FFD1 /* OneSignalNotificationServiceExtension */,
			);
		};
/* End PBXProject section */

/* Begin PBXResourcesBuildPhase section */
		D48371D3211A93060037FFD1 /* Resources */ = {
			isa = PBXResourcesBuildPhase;
			buildActionMask = 2147483647;
			files = (
				D48371E3211A93080037FFD1 /* LaunchScreen.storyboard in Resources */,
				D48371E0211A93080037FFD1 /* Assets.xcassets in Resources */,
				D48371DE211A93070037FFD1 /* Main.storyboard in Resources */,
			);
			runOnlyForDeploymentPostprocessing = 0;
		};
		D48371ED211A933D0037FFD1 /* Resources */ = {
			isa = PBXResourcesBuildPhase;
			buildActionMask = 2147483647;
			files = (
			);
			runOnlyForDeploymentPostprocessing = 0;
		};
/* End PBXResourcesBuildPhase section */

/* Begin PBXShellScriptBuildPhase section */
		33F81C2A96B10412003E9A63 /* [CP] Check Pods Manifest.lock */ = {
			isa = PBXShellScriptBuildPhase;
			buildActionMask = 2147483647;
			files = (
			);
			inputPaths = (
				"${PODS_PODFILE_DIR_PATH}/Podfile.lock",
				"${PODS_ROOT}/Manifest.lock",
			);
			name = "[CP] Check Pods Manifest.lock";
			outputPaths = (
				"$(DERIVED_FILE_DIR)/Pods-OneSignalNotificationServiceExtension-checkManifestLockResult.txt",
			);
			runOnlyForDeploymentPostprocessing = 0;
			shellPath = /bin/sh;
			shellScript = "diff \"${PODS_PODFILE_DIR_PATH}/Podfile.lock\" \"${PODS_ROOT}/Manifest.lock\" > /dev/null\nif [ $? != 0 ] ; then\n    # print error to STDERR\n    echo \"error: The sandbox is not in sync with the Podfile.lock. Run 'pod install' or update your CocoaPods installation.\" >&2\n    exit 1\nfi\n# This output is used by Xcode 'outputs' to avoid re-running this script phase.\necho \"SUCCESS\" > \"${SCRIPT_OUTPUT_FILE_0}\"\n";
			showEnvVarsInLog = 0;
		};
		D281362AE20A0F7B1C2C0C1D /* [CP] Check Pods Manifest.lock */ = {
			isa = PBXShellScriptBuildPhase;
			buildActionMask = 2147483647;
			files = (
			);
			inputPaths = (
				"${PODS_PODFILE_DIR_PATH}/Podfile.lock",
				"${PODS_ROOT}/Manifest.lock",
			);
			name = "[CP] Check Pods Manifest.lock";
			outputPaths = (
				"$(DERIVED_FILE_DIR)/Pods-HooliganBrand-checkManifestLockResult.txt",
			);
			runOnlyForDeploymentPostprocessing = 0;
			shellPath = /bin/sh;
			shellScript = "diff \"${PODS_PODFILE_DIR_PATH}/Podfile.lock\" \"${PODS_ROOT}/Manifest.lock\" > /dev/null\nif [ $? != 0 ] ; then\n    # print error to STDERR\n    echo \"error: The sandbox is not in sync with the Podfile.lock. Run 'pod install' or update your CocoaPods installation.\" >&2\n    exit 1\nfi\n# This output is used by Xcode 'outputs' to avoid re-running this script phase.\necho \"SUCCESS\" > \"${SCRIPT_OUTPUT_FILE_0}\"\n";
			showEnvVarsInLog = 0;
		};
/* End PBXShellScriptBuildPhase section */

/* Begin PBXSourcesBuildPhase section */
		D48371D1211A93060037FFD1 /* Sources */ = {
			isa = PBXSourcesBuildPhase;
			buildActionMask = 2147483647;
			files = (
				D48371DB211A93070037FFD1 /* ViewController.swift in Sources */,
				D48371D9211A93060037FFD1 /* AppDelegate.swift in Sources */,
			);
			runOnlyForDeploymentPostprocessing = 0;
		};
		D48371EB211A933D0037FFD1 /* Sources */ = {
			isa = PBXSourcesBuildPhase;
			buildActionMask = 2147483647;
			files = (
				D48371F2211A933D0037FFD1 /* NotificationService.swift in Sources */,
			);
			runOnlyForDeploymentPostprocessing = 0;
		};
/* End PBXSourcesBuildPhase section */

/* Begin PBXTargetDependency section */
		D48371F5211A933D0037FFD1 /* PBXTargetDependency */ = {
			isa = PBXTargetDependency;
			target = D48371EE211A933D0037FFD1 /* OneSignalNotificationServiceExtension */;
			targetProxy = D48371F4211A933D0037FFD1 /* PBXContainerItemProxy */;
		};
/* End PBXTargetDependency section */

/* Begin PBXVariantGroup section */
		D48371DC211A93070037FFD1 /* Main.storyboard */ = {
			isa = PBXVariantGroup;
			children = (
				D48371DD211A93070037FFD1 /* Base */,
			);
			name = Main.storyboard;
			sourceTree = "<group>";
		};
		D48371E1211A93080037FFD1 /* LaunchScreen.storyboard */ = {
			isa = PBXVariantGroup;
			children = (
				D48371E2211A93080037FFD1 /* Base */,
			);
			name = LaunchScreen.storyboard;
			sourceTree = "<group>";
		};
/* End PBXVariantGroup section */

/* Begin XCBuildConfiguration section */
		D48371E5211A93080037FFD1 /* Debug */ = {
			isa = XCBuildConfiguration;
			buildSettings = {
				ALWAYS_SEARCH_USER_PATHS = NO;
				CLANG_ANALYZER_NONNULL = YES;
				CLANG_ANALYZER_NUMBER_OBJECT_CONVERSION = YES_AGGRESSIVE;
				CLANG_CXX_LANGUAGE_STANDARD = "gnu++14";
				CLANG_CXX_LIBRARY = "libc++";
				CLANG_ENABLE_MODULES = YES;
				CLANG_ENABLE_OBJC_ARC = YES;
				CLANG_ENABLE_OBJC_WEAK = YES;
				CLANG_WARN_BLOCK_CAPTURE_AUTORELEASING = YES;
				CLANG_WARN_BOOL_CONVERSION = YES;
				CLANG_WARN_COMMA = YES;
				CLANG_WARN_CONSTANT_CONVERSION = YES;
				CLANG_WARN_DEPRECATED_OBJC_IMPLEMENTATIONS = YES;
				CLANG_WARN_DIRECT_OBJC_ISA_USAGE = YES_ERROR;
				CLANG_WARN_DOCUMENTATION_COMMENTS = YES;
				CLANG_WARN_EMPTY_BODY = YES;
				CLANG_WARN_ENUM_CONVERSION = YES;
				CLANG_WARN_INFINITE_RECURSION = YES;
				CLANG_WARN_INT_CONVERSION = YES;
				CLANG_WARN_NON_LITERAL_NULL_CONVERSION = YES;
				CLANG_WARN_OBJC_IMPLICIT_RETAIN_SELF = YES;
				CLANG_WARN_OBJC_LITERAL_CONVERSION = YES;
				CLANG_WARN_OBJC_ROOT_CLASS = YES_ERROR;
				CLANG_WARN_RANGE_LOOP_ANALYSIS = YES;
				CLANG_WARN_STRICT_PROTOTYPES = YES;
				CLANG_WARN_SUSPICIOUS_MOVE = YES;
				CLANG_WARN_UNGUARDED_AVAILABILITY = YES_AGGRESSIVE;
				CLANG_WARN_UNREACHABLE_CODE = YES;
				CLANG_WARN__DUPLICATE_METHOD_MATCH = YES;
				CODE_SIGN_IDENTITY = "iPhone Developer";
				COPY_PHASE_STRIP = NO;
				DEBUG_INFORMATION_FORMAT = dwarf;
				ENABLE_STRICT_OBJC_MSGSEND = YES;
				ENABLE_TESTABILITY = YES;
				GCC_C_LANGUAGE_STANDARD = gnu11;
				GCC_DYNAMIC_NO_PIC = NO;
				GCC_NO_COMMON_BLOCKS = YES;
				GCC_OPTIMIZATION_LEVEL = 0;
				GCC_PREPROCESSOR_DEFINITIONS = (
					"DEBUG=1",
					"$(inherited)",
				);
				GCC_WARN_64_TO_32_BIT_CONVERSION = YES;
				GCC_WARN_ABOUT_RETURN_TYPE = YES_ERROR;
				GCC_WARN_UNDECLARED_SELECTOR = YES;
				GCC_WARN_UNINITIALIZED_AUTOS = YES_AGGRESSIVE;
				GCC_WARN_UNUSED_FUNCTION = YES;
				GCC_WARN_UNUSED_VARIABLE = YES;
				IPHONEOS_DEPLOYMENT_TARGET = 11.4;
				MTL_ENABLE_DEBUG_INFO = YES;
				ONLY_ACTIVE_ARCH = YES;
				SDKROOT = iphoneos;
				SWIFT_ACTIVE_COMPILATION_CONDITIONS = DEBUG;
				SWIFT_OPTIMIZATION_LEVEL = "-Onone";
			};
			name = Debug;
		};
		D48371E6211A93080037FFD1 /* Release */ = {
			isa = XCBuildConfiguration;
			buildSettings = {
				ALWAYS_SEARCH_USER_PATHS = NO;
				CLANG_ANALYZER_NONNULL = YES;
				CLANG_ANALYZER_NUMBER_OBJECT_CONVERSION = YES_AGGRESSIVE;
				CLANG_CXX_LANGUAGE_STANDARD = "gnu++14";
				CLANG_CXX_LIBRARY = "libc++";
				CLANG_ENABLE_MODULES = YES;
				CLANG_ENABLE_OBJC_ARC = YES;
				CLANG_ENABLE_OBJC_WEAK = YES;
				CLANG_WARN_BLOCK_CAPTURE_AUTORELEASING = YES;
				CLANG_WARN_BOOL_CONVERSION = YES;
				CLANG_WARN_COMMA = YES;
				CLANG_WARN_CONSTANT_CONVERSION = YES;
				CLANG_WARN_DEPRECATED_OBJC_IMPLEMENTATIONS = YES;
				CLANG_WARN_DIRECT_OBJC_ISA_USAGE = YES_ERROR;
				CLANG_WARN_DOCUMENTATION_COMMENTS = YES;
				CLANG_WARN_EMPTY_BODY = YES;
				CLANG_WARN_ENUM_CONVERSION = YES;
				CLANG_WARN_INFINITE_RECURSION = YES;
				CLANG_WARN_INT_CONVERSION = YES;
				CLANG_WARN_NON_LITERAL_NULL_CONVERSION = YES;
				CLANG_WARN_OBJC_IMPLICIT_RETAIN_SELF = YES;
				CLANG_WARN_OBJC_LITERAL_CONVERSION = YES;
				CLANG_WARN_OBJC_ROOT_CLASS = YES_ERROR;
				CLANG_WARN_RANGE_LOOP_ANALYSIS = YES;
				CLANG_WARN_STRICT_PROTOTYPES = YES;
				CLANG_WARN_SUSPICIOUS_MOVE = YES;
				CLANG_WARN_UNGUARDED_AVAILABILITY = YES_AGGRESSIVE;
				CLANG_WARN_UNREACHABLE_CODE = YES;
				CLANG_WARN__DUPLICATE_METHOD_MATCH = YES;
				CODE_SIGN_IDENTITY = "iPhone Developer";
				COPY_PHASE_STRIP = NO;
				DEBUG_INFORMATION_FORMAT = "dwarf-with-dsym";
				ENABLE_NS_ASSERTIONS = NO;
				ENABLE_STRICT_OBJC_MSGSEND = YES;
				GCC_C_LANGUAGE_STANDARD = gnu11;
				GCC_NO_COMMON_BLOCKS = YES;
				GCC_WARN_64_TO_32_BIT_CONVERSION = YES;
				GCC_WARN_ABOUT_RETURN_TYPE = YES_ERROR;
				GCC_WARN_UNDECLARED_SELECTOR = YES;
				GCC_WARN_UNINITIALIZED_AUTOS = YES_AGGRESSIVE;
				GCC_WARN_UNUSED_FUNCTION = YES;
				GCC_WARN_UNUSED_VARIABLE = YES;
				IPHONEOS_DEPLOYMENT_TARGET = 11.4;
				MTL_ENABLE_DEBUG_INFO = NO;
				SDKROOT = iphoneos;
				SWIFT_COMPILATION_MODE = wholemodule;
				SWIFT_OPTIMIZATION_LEVEL = "-O";
				VALIDATE_PRODUCT = YES;
			};
			name = Release;
		};
		D48371E8211A93080037FFD1 /* Debug */ = {
			isa = XCBuildConfiguration;
			baseConfigurationReference = 763585F619C90B9D7CB268B3 /* Pods-HooliganBrand.debug.xcconfig */;
			buildSettings = {
				ALWAYS_EMBED_SWIFT_STANDARD_LIBRARIES = YES;
				ASSETCATALOG_COMPILER_APPICON_NAME = AppIcon;
				CODE_SIGN_ENTITLEMENTS = HooliganBrand/HooliganBrand.entitlements;
				CODE_SIGN_STYLE = Automatic;
				DEVELOPMENT_TEAM = X7273L693Z;
				INFOPLIST_FILE = HooliganBrand/Info.plist;
				IPHONEOS_DEPLOYMENT_TARGET = 11.1;
				LD_RUNPATH_SEARCH_PATHS = (
					"$(inherited)",
					"@executable_path/Frameworks",
				);
				PRODUCT_BUNDLE_IDENTIFIER = TaylordApps.HooliganBrand;
				PRODUCT_NAME = "$(TARGET_NAME)";
				SWIFT_VERSION = 4.0;
				TARGETED_DEVICE_FAMILY = "1,2";
			};
			name = Debug;
		};
		D48371E9211A93080037FFD1 /* Release */ = {
			isa = XCBuildConfiguration;
			baseConfigurationReference = 9E54EEB9999D62AD0263F60D /* Pods-HooliganBrand.release.xcconfig */;
			buildSettings = {
				ALWAYS_EMBED_SWIFT_STANDARD_LIBRARIES = YES;
				ASSETCATALOG_COMPILER_APPICON_NAME = AppIcon;
				CODE_SIGN_ENTITLEMENTS = HooliganBrand/HooliganBrand.entitlements;
				CODE_SIGN_STYLE = Automatic;
				DEVELOPMENT_TEAM = X7273L693Z;
				INFOPLIST_FILE = HooliganBrand/Info.plist;
				IPHONEOS_DEPLOYMENT_TARGET = 11.1;
				LD_RUNPATH_SEARCH_PATHS = (
					"$(inherited)",
					"@executable_path/Frameworks",
				);
				PRODUCT_BUNDLE_IDENTIFIER = TaylordApps.HooliganBrand;
				PRODUCT_NAME = "$(TARGET_NAME)";
				SWIFT_VERSION = 4.0;
				TARGETED_DEVICE_FAMILY = "1,2";
			};
			name = Release;
		};
		D48371F8211A933D0037FFD1 /* Debug */ = {
			isa = XCBuildConfiguration;
			baseConfigurationReference = 4B67699992C423025F01B78A /* Pods-OneSignalNotificationServiceExtension.debug.xcconfig */;
			buildSettings = {
				CODE_SIGN_STYLE = Automatic;
				DEVELOPMENT_TEAM = X7273L693Z;
				INFOPLIST_FILE = OneSignalNotificationServiceExtension/Info.plist;
				LD_RUNPATH_SEARCH_PATHS = (
					"$(inherited)",
					"@executable_path/Frameworks",
					"@executable_path/../../Frameworks",
				);
				PRODUCT_BUNDLE_IDENTIFIER = TaylordApps.HooliganBrand.OneSignalNotificationServiceExtension;
				PRODUCT_NAME = "$(TARGET_NAME)";
				SKIP_INSTALL = YES;
				SWIFT_VERSION = 4.0;
				TARGETED_DEVICE_FAMILY = "1,2";
			};
			name = Debug;
		};
		D48371F9211A933D0037FFD1 /* Release */ = {
			isa = XCBuildConfiguration;
			baseConfigurationReference = 44C306FA98472BF32349FECD /* Pods-OneSignalNotificationServiceExtension.release.xcconfig */;
			buildSettings = {
				CODE_SIGN_STYLE = Automatic;
				DEVELOPMENT_TEAM = X7273L693Z;
				INFOPLIST_FILE = OneSignalNotificationServiceExtension/Info.plist;
				LD_RUNPATH_SEARCH_PATHS = (
					"$(inherited)",
					"@executable_path/Frameworks",
					"@executable_path/../../Frameworks",
				);
				PRODUCT_BUNDLE_IDENTIFIER = TaylordApps.HooliganBrand.OneSignalNotificationServiceExtension;
				PRODUCT_NAME = "$(TARGET_NAME)";
				SKIP_INSTALL = YES;
				SWIFT_VERSION = 4.0;
				TARGETED_DEVICE_FAMILY = "1,2";
			};
			name = Release;
		};
/* End XCBuildConfiguration section */

/* Begin XCConfigurationList section */
		D48371D0211A93060037FFD1 /* Build configuration list for PBXProject "HooliganBrand" */ = {
			isa = XCConfigurationList;
			buildConfigurations = (
				D48371E5211A93080037FFD1 /* Debug */,
				D48371E6211A93080037FFD1 /* Release */,
			);
			defaultConfigurationIsVisible = 0;
			defaultConfigurationName = Release;
		};
		D48371E7211A93080037FFD1 /* Build configuration list for PBXNativeTarget "HooliganBrand" */ = {
			isa = XCConfigurationList;
			buildConfigurations = (
				D48371E8211A93080037FFD1 /* Debug */,
				D48371E9211A93080037FFD1 /* Release */,
			);
			defaultConfigurationIsVisible = 0;
			defaultConfigurationName = Release;
		};
		D48371F7211A933D0037FFD1 /* Build configuration list for PBXNativeTarget "OneSignalNotificationServiceExtension" */ = {
			isa = XCConfigurationList;
			buildConfigurations = (
				D48371F8211A933D0037FFD1 /* Debug */,
				D48371F9211A933D0037FFD1 /* Release */,
			);
			defaultConfigurationIsVisible = 0;
			defaultConfigurationName = Release;
		};
/* End XCConfigurationList section */
	};
	rootObject = D48371CD211A93060037FFD1 /* Project object */;
}
